
Microsoft Visual Studio Solution File, Format Version 12.00
# Visual Studio Version 17
VisualStudioVersion = 17.3.32929.385
MinimumVisualStudioVersion = 10.0.40219.1
Project("{FAE04EC0-301F-11D3-BF4B-00C04F79EFBC}") = "Tarea2", "Tarea2.csproj", "{418E98DF-B7CD-4CEA-9B67-F156D336E07A}"
EndProject
Global
	GlobalSection(SolutionConfigurationPlatforms) = preSolution
		Debug|Any CPU = Debug|Any CPU
		Release|Any CPU = Release|Any CPU
	EndGlobalSection
	GlobalSection(ProjectConfigurationPlatforms) = postSolution
		{418E98DF-B7CD-4CEA-9B67-F156D336E07A}.Debug|Any CPU.ActiveCfg = Debug|Any CPU
		{418E98DF-B7CD-4CEA-9B67-F156D336E07A}.Debug|Any CPU.Build.0 = Debug|Any CPU
		{418E98DF-B7CD-4CEA-9B67-F156D336E07A}.Release|Any CPU.ActiveCfg = Release|Any CPU
		{418E98DF-B7CD-4CEA-9B67-F156D336E07A}.Release|Any CPU.Build.0 = Release|Any CPU
	EndGlobalSection
	GlobalSection(SolutionProperties) = preSolution
		HideSolutionNode = FALSE
	EndGlobalSection
	GlobalSection(ExtensibilityGlobals) = postSolution
		SolutionGuid = {49F8AC97-91F8-4470-B6CC-AF7C7872633C}
	EndGlobalSection
EndGlobal
